{
  "name": "vnnative3-location",
  "version": "1.0.6",
  "lockfileVersion": 2,
  "requires": true,
  "packages": {
    "": {
      "name": "vnnative3-location",
      "version": "1.0.6",
      "license": "ISC",
      "dependencies": {
        "@types/node": "^17.0.8",
        "typescript": "^4.5.4",
        "vnnative-3-os": "^1.0.0"
      }
    },
    "node_modules/@types/node": {
      "version": "17.0.14",
      "resolved": "https://registry.npmjs.org/@types/node/-/node-17.0.14.tgz",
      "integrity": "sha512-SbjLmERksKOGzWzPNuW7fJM7fk3YXVTFiZWB/Hs99gwhk+/dnrQRPBQjPW9aO+fi1tAffi9PrwFvsmOKmDTyng=="
    },
    "node_modules/typescript": {
      "version": "4.5.5",
      "resolved": "https://registry.npmjs.org/typescript/-/typescript-4.5.5.tgz",
      "integrity": "sha512-TCTIul70LyWe6IJWT8QSYeA54WQe8EjQFU4wY52Fasj5UKx88LNYKCgBEHcOMOrFF1rKGbD8v/xcNWVUq9SymA==",
      "bin": {
        "tsc": "bin/tsc",
        "tsserver": "bin/tsserver"
      },
      "engines": {
        "node": ">=4.2.0"
      }
    },
    "node_modules/vnnative-3-os": {
      "version": "1.0.0",
      "resolved": "https://registry.npmjs.org/vnnative-3-os/-/vnnative-3-os-1.0.0.tgz",
      "integrity": "sha512-iX8J1+/rpTqWDfk2bHyAB6YcZ0MnLeJiA3v9HxOVNGme6/MVZlxUk8cE4OZTSe98XZILvdCN5bIgG8HUn6gHVw==",
      "dependencies": {
        "@types/node": "^17.0.14",
        "typescript": "^4.5.5"
      }
    }
  },
  "dependencies": {
    "@types/node": {
      "version": "17.0.14",
      "resolved": "https://registry.npmjs.org/@types/node/-/node-17.0.14.tgz",
      "integrity": "sha512-SbjLmERksKOGzWzPNuW7fJM7fk3YXVTFiZWB/Hs99gwhk+/dnrQRPBQjPW9aO+fi1tAffi9PrwFvsmOKmDTyng=="
    },
    "typescript": {
      "version": "4.5.5",
      "resolved": "https://registry.npmjs.org/typescript/-/typescript-4.5.5.tgz",
      "integrity": "sha512-TCTIul70LyWe6IJWT8QSYeA54WQe8EjQFU4wY52Fasj5UKx88LNYKCgBEHcOMOrFF1rKGbD8v/xcNWVUq9SymA=="
    },
    "vnnative-3-os": {
      "version": "1.0.0",
      "resolved": "https://registry.npmjs.org/vnnative-3-os/-/vnnative-3-os-1.0.0.tgz",
      "integrity": "sha512-iX8J1+/rpTqWDfk2bHyAB6YcZ0MnLeJiA3v9HxOVNGme6/MVZlxUk8cE4OZTSe98XZILvdCN5bIgG8HUn6gHVw==",
      "requires": {
        "@types/node": "^17.0.14",
        "typescript": "^4.5.5"
      }
    }
  }
}
